
Microsoft Visual Studio Solution File, Format Version 12.00
# Visual Studio Version 16
VisualStudioVersion = 16.0.31613.86
MinimumVisualStudioVersion = 10.0.40219.1
Project("{8BC9CEB8-8B4A-11D0-8D11-00A0C91BC942}") = "malá násobilka", "malá násobilka\malá násobilka.vcxproj", "{B4B28776-37CF-4944-808F-AB8E543E3647}"
EndProject
Global
	GlobalSection(SolutionConfigurationPlatforms) = preSolution
		Debug|x64 = Debug|x64
		Debug|x86 = Debug|x86
		Release|x64 = Release|x64
		Release|x86 = Release|x86
	EndGlobalSection
	GlobalSection(ProjectConfigurationPlatforms) = postSolution
		{B4B28776-37CF-4944-808F-AB8E543E3647}.Debug|x64.ActiveCfg = Debug|x64
		{B4B28776-37CF-4944-808F-AB8E543E3647}.Debug|x64.Build.0 = Debug|x64
		{B4B28776-37CF-4944-808F-AB8E543E3647}.Debug|x86.ActiveCfg = Debug|Win32
		{B4B28776-37CF-4944-808F-AB8E543E3647}.Debug|x86.Build.0 = Debug|Win32
		{B4B28776-37CF-4944-808F-AB8E543E3647}.Release|x64.ActiveCfg = Release|x64
		{B4B28776-37CF-4944-808F-AB8E543E3647}.Release|x64.Build.0 = Release|x64
		{B4B28776-37CF-4944-808F-AB8E543E3647}.Release|x86.ActiveCfg = Release|Win32
		{B4B28776-37CF-4944-808F-AB8E543E3647}.Release|x86.Build.0 = Release|Win32
	EndGlobalSection
	GlobalSection(SolutionProperties) = preSolution
		HideSolutionNode = FALSE
	EndGlobalSection
	GlobalSection(ExtensibilityGlobals) = postSolution
		SolutionGuid = {E9D73FE4-D9AB-4B6D-9F95-3CE86682E18F}
	EndGlobalSection
EndGlobal
